
Microsoft Visual Studio Solution File, Format Version 12.00
# Visual Studio Version 17
VisualStudioVersion = 17.1.32421.90
MinimumVisualStudioVersion = 10.0.40219.1
Project("{9A19103F-16F7-4668-BE54-9A1E7A4F7556}") = "OilLevelDetectionSystem.WinUI", "OilLevelDetectionSystem.WinUI\OilLevelDetectionSystem.WinUI.csproj", "{CFC85B69-1F0F-443F-98EE-3805246DB937}"
EndProject
Global
	GlobalSection(SolutionConfigurationPlatforms) = preSolution
		Debug|ARM = Debug|ARM
		Debug|ARM64 = Debug|ARM64
		Debug|x64 = Debug|x64
		Debug|x86 = Debug|x86
		Release|ARM = Release|ARM
		Release|ARM64 = Release|ARM64
		Release|x64 = Release|x64
		Release|x86 = Release|x86
	EndGlobalSection
	GlobalSection(ProjectConfigurationPlatforms) = postSolution
		{CFC85B69-1F0F-443F-98EE-3805246DB937}.Debug|ARM.ActiveCfg = Debug|x64
		{CFC85B69-1F0F-443F-98EE-3805246DB937}.Debug|ARM.Build.0 = Debug|x64
		{CFC85B69-1F0F-443F-98EE-3805246DB937}.Debug|ARM.Deploy.0 = Debug|x64
		{CFC85B69-1F0F-443F-98EE-3805246DB937}.Debug|ARM64.ActiveCfg = Debug|arm64
		{CFC85B69-1F0F-443F-98EE-3805246DB937}.Debug|ARM64.Build.0 = Debug|arm64
		{CFC85B69-1F0F-443F-98EE-3805246DB937}.Debug|ARM64.Deploy.0 = Debug|arm64
		{CFC85B69-1F0F-443F-98EE-3805246DB937}.Debug|x64.ActiveCfg = Debug|x64
		{CFC85B69-1F0F-443F-98EE-3805246DB937}.Debug|x64.Build.0 = Debug|x64
		{CFC85B69-1F0F-443F-98EE-3805246DB937}.Debug|x64.Deploy.0 = Debug|x64
		{CFC85B69-1F0F-443F-98EE-3805246DB937}.Debug|x86.ActiveCfg = Debug|x86
		{CFC85B69-1F0F-443F-98EE-3805246DB937}.Debug|x86.Build.0 = Debug|x86
		{CFC85B69-1F0F-443F-98EE-3805246DB937}.Debug|x86.Deploy.0 = Debug|x86
		{CFC85B69-1F0F-443F-98EE-3805246DB937}.Release|ARM.ActiveCfg = Release|x64
		{CFC85B69-1F0F-443F-98EE-3805246DB937}.Release|ARM.Build.0 = Release|x64
		{CFC85B69-1F0F-443F-98EE-3805246DB937}.Release|ARM.Deploy.0 = Release|x64
		{CFC85B69-1F0F-443F-98EE-3805246DB937}.Release|ARM64.ActiveCfg = Release|arm64
		{CFC85B69-1F0F-443F-98EE-3805246DB937}.Release|ARM64.Build.0 = Release|arm64
		{CFC85B69-1F0F-443F-98EE-3805246DB937}.Release|ARM64.Deploy.0 = Release|arm64
		{CFC85B69-1F0F-443F-98EE-3805246DB937}.Release|x64.ActiveCfg = Release|x64
		{CFC85B69-1F0F-443F-98EE-3805246DB937}.Release|x64.Build.0 = Release|x64
		{CFC85B69-1F0F-443F-98EE-3805246DB937}.Release|x64.Deploy.0 = Release|x64
		{CFC85B69-1F0F-443F-98EE-3805246DB937}.Release|x86.ActiveCfg = Release|x86
		{CFC85B69-1F0F-443F-98EE-3805246DB937}.Release|x86.Build.0 = Release|x86
		{CFC85B69-1F0F-443F-98EE-3805246DB937}.Release|x86.Deploy.0 = Release|x86
	EndGlobalSection
	GlobalSection(SolutionProperties) = preSolution
		HideSolutionNode = FALSE
	EndGlobalSection
	GlobalSection(ExtensibilityGlobals) = postSolution
		SolutionGuid = {92235536-A540-4AA5-854B-FD25A9E27FEB}
	EndGlobalSection
EndGlobal
